hash: 3441bf6ff6d443d7e65fcdfc4f1d1b67e506cee012ed3b4901bbe2aab9890aa9
updated: 2018-01-09T19:14:28.795584+09:00
imports:
- name: github.com/joho/godotenv
  version: 06e67b5ef3bef2e1a8696e1c04b94b44cbc5d9a5
- name: goji.io
  version: 0d89ff54b2c18c9c4ba530e32496aef902d3c6cd
  subpackages:
  - internal
  - pat
  - pattern
testImports: []
